// !$*UTF8*$!
{
	archiveVersion = 1;
	classes = {
	};
	objectVersion = 54;
	objects = {

/* Begin PBXBuildFile section */
		D9AE714529683F5A00BDE7DD /* AppDelegate.swift in Sources */ = {isa = PBXBuildFile; fileRef = D9AE714429683F5A00BDE7DD /* AppDelegate.swift */; };
		D9AE714729683F5A00BDE7DD /* SceneDelegate.swift in Sources */ = {isa = PBXBuildFile; fileRef = D9AE714629683F5A00BDE7DD /* SceneDelegate.swift */; };
		D9AE714929683F5A00BDE7DD /* ViewController.swift in Sources */ = {isa = PBXBuildFile; fileRef = D9AE714829683F5A00BDE7DD /* ViewController.swift */; };
		D9AE714C29683F5A00BDE7DD /* Main.storyboard in Resources */ = {isa = PBXBuildFile; fileRef = D9AE714A29683F5A00BDE7DD /* Main.storyboard */; };
		D9AE714E29683F5C00BDE7DD /* Assets.xcassets in Resources */ = {isa = PBXBuildFile; fileRef = D9AE714D29683F5C00BDE7DD /* Assets.xcassets */; };
		D9AE715129683F5C00BDE7DD /* LaunchScreen.storyboard in Resources */ = {isa = PBXBuildFile; fileRef = D9AE714F29683F5C00BDE7DD /* LaunchScreen.storyboard */; };
		D9AE715C29683F5C00BDE7DD /* MySpendingsTests.swift in Sources */ = {isa = PBXBuildFile; fileRef = D9AE715B29683F5C00BDE7DD /* MySpendingsTests.swift */; };
		D9AE716629683F5C00BDE7DD /* MySpendingsUITests.swift in Sources */ = {isa = PBXBuildFile; fileRef = D9AE716529683F5C00BDE7DD /* MySpendingsUITests.swift */; };
		D9AE716829683F5C00BDE7DD /* MySpendingsUITestsLaunchTests.swift in Sources */ = {isa = PBXBuildFile; fileRef = D9AE716729683F5C00BDE7DD /* MySpendingsUITestsLaunchTests.swift */; };
		D9AE717629684A1400BDE7DD /* MainViewController.swift in Sources */ = {isa = PBXBuildFile; fileRef = D9AE717529684A1400BDE7DD /* MainViewController.swift */; };
		D9AE717829684D6D00BDE7DD /* HomeViewController.swift in Sources */ = {isa = PBXBuildFile; fileRef = D9AE717729684D6D00BDE7DD /* HomeViewController.swift */; };
		D9AE717A29684F1B00BDE7DD /* CategoriesViewController.swift in Sources */ = {isa = PBXBuildFile; fileRef = D9AE717929684F1B00BDE7DD /* CategoriesViewController.swift */; };
		D9AE717C2968503100BDE7DD /* CalculatorViewController.swift in Sources */ = {isa = PBXBuildFile; fileRef = D9AE717B2968503100BDE7DD /* CalculatorViewController.swift */; };
		D9AE717E296850AE00BDE7DD /* SettingsViewController.swift in Sources */ = {isa = PBXBuildFile; fileRef = D9AE717D296850AE00BDE7DD /* SettingsViewController.swift */; };
		D9AE7183296858F900BDE7DD /* ItemsViewController.swift in Sources */ = {isa = PBXBuildFile; fileRef = D9AE7182296858F900BDE7DD /* ItemsViewController.swift */; };
		D9AE718529685B2D00BDE7DD /* AddCategoryFormController.swift in Sources */ = {isa = PBXBuildFile; fileRef = D9AE718429685B2D00BDE7DD /* AddCategoryFormController.swift */; };
		D9AE718729685C6800BDE7DD /* Category.swift in Sources */ = {isa = PBXBuildFile; fileRef = D9AE718629685C6800BDE7DD /* Category.swift */; };
		D9AE718929685CA600BDE7DD /* Item.swift in Sources */ = {isa = PBXBuildFile; fileRef = D9AE718829685CA600BDE7DD /* Item.swift */; };
		D9AE718B2968630700BDE7DD /* Record.swift in Sources */ = {isa = PBXBuildFile; fileRef = D9AE718A2968630700BDE7DD /* Record.swift */; };
		D9AE71912968BF1100BDE7DD /* CategoryTableViewCell.swift in Sources */ = {isa = PBXBuildFile; fileRef = D9AE71902968BF1100BDE7DD /* CategoryTableViewCell.swift */; };
		D9AE71952968DC4700BDE7DD /* EmojiTextField.swift in Sources */ = {isa = PBXBuildFile; fileRef = D9AE71942968DC4700BDE7DD /* EmojiTextField.swift */; };
		D9B333A5296D0551005381D7 /* ItemTableViewCell.swift in Sources */ = {isa = PBXBuildFile; fileRef = D9B333A4296D0551005381D7 /* ItemTableViewCell.swift */; };
		D9B333A7296D1CDD005381D7 /* AddItemFormViewController.swift in Sources */ = {isa = PBXBuildFile; fileRef = D9B333A6296D1CDD005381D7 /* AddItemFormViewController.swift */; };
		D9B333AB2970F0C8005381D7 /* ViewItemViewController.swift in Sources */ = {isa = PBXBuildFile; fileRef = D9B333AA2970F0C8005381D7 /* ViewItemViewController.swift */; };
		D9B333AD2971796A005381D7 /* ViewCategoryViewController.swift in Sources */ = {isa = PBXBuildFile; fileRef = D9B333AC2971796A005381D7 /* ViewCategoryViewController.swift */; };
/* End PBXBuildFile section */

/* Begin PBXContainerItemProxy section */
		D9AE715829683F5C00BDE7DD /* PBXContainerItemProxy */ = {
			isa = PBXContainerItemProxy;
			containerPortal = D9AE713929683F5A00BDE7DD /* Project object */;
			proxyType = 1;
			remoteGlobalIDString = D9AE714029683F5A00BDE7DD;
			remoteInfo = MySpendings;
		};
		D9AE716229683F5C00BDE7DD /* PBXContainerItemProxy */ = {
			isa = PBXContainerItemProxy;
			containerPortal = D9AE713929683F5A00BDE7DD /* Project object */;
			proxyType = 1;
			remoteGlobalIDString = D9AE714029683F5A00BDE7DD;
			remoteInfo = MySpendings;
		};
/* End PBXContainerItemProxy section */

/* Begin PBXFileReference section */
		D9AE714129683F5A00BDE7DD /* MySpendings.app */ = {isa = PBXFileReference; explicitFileType = wrapper.application; includeInIndex = 0; path = MySpendings.app; sourceTree = BUILT_PRODUCTS_DIR; };
		D9AE714429683F5A00BDE7DD /* AppDelegate.swift */ = {isa = PBXFileReference; lastKnownFileType = sourcecode.swift; path = AppDelegate.swift; sourceTree = "<group>"; };
		D9AE714629683F5A00BDE7DD /* SceneDelegate.swift */ = {isa = PBXFileReference; lastKnownFileType = sourcecode.swift; path = SceneDelegate.swift; sourceTree = "<group>"; };
		D9AE714829683F5A00BDE7DD /* ViewController.swift */ = {isa = PBXFileReference; lastKnownFileType = sourcecode.swift; path = ViewController.swift; sourceTree = "<group>"; };
		D9AE714B29683F5A00BDE7DD /* Base */ = {isa = PBXFileReference; lastKnownFileType = file.storyboard; name = Base; path = Base.lproj/Main.storyboard; sourceTree = "<group>"; };
		D9AE714D29683F5C00BDE7DD /* Assets.xcassets */ = {isa = PBXFileReference; lastKnownFileType = folder.assetcatalog; path = Assets.xcassets; sourceTree = "<group>"; };
		D9AE715029683F5C00BDE7DD /* Base */ = {isa = PBXFileReference; lastKnownFileType = file.storyboard; name = Base; path = Base.lproj/LaunchScreen.storyboard; sourceTree = "<group>"; };
		D9AE715229683F5C00BDE7DD /* Info.plist */ = {isa = PBXFileReference; lastKnownFileType = text.plist.xml; path = Info.plist; sourceTree = "<group>"; };
		D9AE715729683F5C00BDE7DD /* MySpendingsTests.xctest */ = {isa = PBXFileReference; explicitFileType = wrapper.cfbundle; includeInIndex = 0; path = MySpendingsTests.xctest; sourceTree = BUILT_PRODUCTS_DIR; };
		D9AE715B29683F5C00BDE7DD /* MySpendingsTests.swift */ = {isa = PBXFileReference; lastKnownFileType = sourcecode.swift; path = MySpendingsTests.swift; sourceTree = "<group>"; };
		D9AE716129683F5C00BDE7DD /* MySpendingsUITests.xctest */ = {isa = PBXFileReference; explicitFileType = wrapper.cfbundle; includeInIndex = 0; path = MySpendingsUITests.xctest; sourceTree = BUILT_PRODUCTS_DIR; };
		D9AE716529683F5C00BDE7DD /* MySpendingsUITests.swift */ = {isa = PBXFileReference; lastKnownFileType = sourcecode.swift; path = MySpendingsUITests.swift; sourceTree = "<group>"; };
		D9AE716729683F5C00BDE7DD /* MySpendingsUITestsLaunchTests.swift */ = {isa = PBXFileReference; lastKnownFileType = sourcecode.swift; path = MySpendingsUITestsLaunchTests.swift; sourceTree = "<group>"; };
		D9AE717529684A1400BDE7DD /* MainViewController.swift */ = {isa = PBXFileReference; lastKnownFileType = sourcecode.swift; path = MainViewController.swift; sourceTree = "<group>"; };
		D9AE717729684D6D00BDE7DD /* HomeViewController.swift */ = {isa = PBXFileReference; lastKnownFileType = sourcecode.swift; path = HomeViewController.swift; sourceTree = "<group>"; };
		D9AE717929684F1B00BDE7DD /* CategoriesViewController.swift */ = {isa = PBXFileReference; lastKnownFileType = sourcecode.swift; path = CategoriesViewController.swift; sourceTree = "<group>"; };
		D9AE717B2968503100BDE7DD /* CalculatorViewController.swift */ = {isa = PBXFileReference; lastKnownFileType = sourcecode.swift; path = CalculatorViewController.swift; sourceTree = "<group>"; };
		D9AE717D296850AE00BDE7DD /* SettingsViewController.swift */ = {isa = PBXFileReference; lastKnownFileType = sourcecode.swift; path = SettingsViewController.swift; sourceTree = "<group>"; };
		D9AE7182296858F900BDE7DD /* ItemsViewController.swift */ = {isa = PBXFileReference; lastKnownFileType = sourcecode.swift; path = ItemsViewController.swift; sourceTree = "<group>"; };
		D9AE718429685B2D00BDE7DD /* AddCategoryFormController.swift */ = {isa = PBXFileReference; lastKnownFileType = sourcecode.swift; path = AddCategoryFormController.swift; sourceTree = "<group>"; };
		D9AE718629685C6800BDE7DD /* Category.swift */ = {isa = PBXFileReference; lastKnownFileType = sourcecode.swift; path = Category.swift; sourceTree = "<group>"; };
		D9AE718829685CA600BDE7DD /* Item.swift */ = {isa = PBXFileReference; lastKnownFileType = sourcecode.swift; path = Item.swift; sourceTree = "<group>"; };
		D9AE718A2968630700BDE7DD /* Record.swift */ = {isa = PBXFileReference; lastKnownFileType = sourcecode.swift; path = Record.swift; sourceTree = "<group>"; };
		D9AE71902968BF1100BDE7DD /* CategoryTableViewCell.swift */ = {isa = PBXFileReference; lastKnownFileType = sourcecode.swift; path = CategoryTableViewCell.swift; sourceTree = "<group>"; };
		D9AE71942968DC4700BDE7DD /* EmojiTextField.swift */ = {isa = PBXFileReference; lastKnownFileType = sourcecode.swift; path = EmojiTextField.swift; sourceTree = "<group>"; };
		D9B333A4296D0551005381D7 /* ItemTableViewCell.swift */ = {isa = PBXFileReference; lastKnownFileType = sourcecode.swift; path = ItemTableViewCell.swift; sourceTree = "<group>"; };
		D9B333A6296D1CDD005381D7 /* AddItemFormViewController.swift */ = {isa = PBXFileReference; lastKnownFileType = sourcecode.swift; path = AddItemFormViewController.swift; sourceTree = "<group>"; };
		D9B333AA2970F0C8005381D7 /* ViewItemViewController.swift */ = {isa = PBXFileReference; lastKnownFileType = sourcecode.swift; path = ViewItemViewController.swift; sourceTree = "<group>"; };
		D9B333AC2971796A005381D7 /* ViewCategoryViewController.swift */ = {isa = PBXFileReference; lastKnownFileType = sourcecode.swift; path = ViewCategoryViewController.swift; sourceTree = "<group>"; };
/* End PBXFileReference section */

/* Begin PBXFrameworksBuildPhase section */
		D9AE713E29683F5A00BDE7DD /* Frameworks */ = {
			isa = PBXFrameworksBuildPhase;
			buildActionMask = 2147483647;
			files = (
			);
			runOnlyForDeploymentPostprocessing = 0;
		};
		D9AE715429683F5C00BDE7DD /* Frameworks */ = {
			isa = PBXFrameworksBuildPhase;
			buildActionMask = 2147483647;
			files = (
			);
			runOnlyForDeploymentPostprocessing = 0;
		};
		D9AE715E29683F5C00BDE7DD /* Frameworks */ = {
			isa = PBXFrameworksBuildPhase;
			buildActionMask = 2147483647;
			files = (
			);
			runOnlyForDeploymentPostprocessing = 0;
		};
/* End PBXFrameworksBuildPhase section */

/* Begin PBXGroup section */
		D9AE713829683F5A00BDE7DD = {
			isa = PBXGroup;
			children = (
				D9AE714329683F5A00BDE7DD /* MySpendings */,
				D9AE715A29683F5C00BDE7DD /* MySpendingsTests */,
				D9AE716429683F5C00BDE7DD /* MySpendingsUITests */,
				D9AE714229683F5A00BDE7DD /* Products */,
			);
			sourceTree = "<group>";
		};
		D9AE714229683F5A00BDE7DD /* Products */ = {
			isa = PBXGroup;
			children = (
				D9AE714129683F5A00BDE7DD /* MySpendings.app */,
				D9AE715729683F5C00BDE7DD /* MySpendingsTests.xctest */,
				D9AE716129683F5C00BDE7DD /* MySpendingsUITests.xctest */,
			);
			name = Products;
			sourceTree = "<group>";
		};
		D9AE714329683F5A00BDE7DD /* MySpendings */ = {
			isa = PBXGroup;
			children = (
				D9AE717F2968580B00BDE7DD /* Objects */,
				D9AE717429683FEC00BDE7DD /* viewControllers */,
				D9AE714429683F5A00BDE7DD /* AppDelegate.swift */,
				D9AE714629683F5A00BDE7DD /* SceneDelegate.swift */,
				D9AE714829683F5A00BDE7DD /* ViewController.swift */,
				D9AE714A29683F5A00BDE7DD /* Main.storyboard */,
				D9AE714F29683F5C00BDE7DD /* LaunchScreen.storyboard */,
				D9AE714D29683F5C00BDE7DD /* Assets.xcassets */,
				D9AE715229683F5C00BDE7DD /* Info.plist */,
			);
			path = MySpendings;
			sourceTree = "<group>";
		};
		D9AE715A29683F5C00BDE7DD /* MySpendingsTests */ = {
			isa = PBXGroup;
			children = (
				D9AE715B29683F5C00BDE7DD /* MySpendingsTests.swift */,
			);
			path = MySpendingsTests;
			sourceTree = "<group>";
		};
		D9AE716429683F5C00BDE7DD /* MySpendingsUITests */ = {
			isa = PBXGroup;
			children = (
				D9AE716529683F5C00BDE7DD /* MySpendingsUITests.swift */,
				D9AE716729683F5C00BDE7DD /* MySpendingsUITestsLaunchTests.swift */,
			);
			path = MySpendingsUITests;
			sourceTree = "<group>";
		};
		D9AE717429683FEC00BDE7DD /* viewControllers */ = {
			isa = PBXGroup;
			children = (
				D9AE717529684A1400BDE7DD /* MainViewController.swift */,
				D9AE71802968588600BDE7DD /* Basic Views */,
				D9AE7181296858A000BDE7DD /* Sub Views */,
			);
			path = viewControllers;
			sourceTree = "<group>";
		};
		D9AE717F2968580B00BDE7DD /* Objects */ = {
			isa = PBXGroup;
			children = (
				D9AE718A2968630700BDE7DD /* Record.swift */,
				D9AE718629685C6800BDE7DD /* Category.swift */,
				D9AE718829685CA600BDE7DD /* Item.swift */,
			);
			path = Objects;
			sourceTree = "<group>";
		};
		D9AE71802968588600BDE7DD /* Basic Views */ = {
			isa = PBXGroup;
			children = (
				D9AE718C2968BE9D00BDE7DD /* Custome Elements */,
				D9AE717729684D6D00BDE7DD /* HomeViewController.swift */,
				D9AE717929684F1B00BDE7DD /* CategoriesViewController.swift */,
				D9AE7182296858F900BDE7DD /* ItemsViewController.swift */,
				D9AE717B2968503100BDE7DD /* CalculatorViewController.swift */,
				D9AE717D296850AE00BDE7DD /* SettingsViewController.swift */,
			);
			path = "Basic Views";
			sourceTree = "<group>";
		};
		D9AE7181296858A000BDE7DD /* Sub Views */ = {
			isa = PBXGroup;
			children = (
				D9B333AC2971796A005381D7 /* ViewCategoryViewController.swift */,
				D9B333AA2970F0C8005381D7 /* ViewItemViewController.swift */,
				D9AE718429685B2D00BDE7DD /* AddCategoryFormController.swift */,
				D9B333A6296D1CDD005381D7 /* AddItemFormViewController.swift */,
			);
			path = "Sub Views";
			sourceTree = "<group>";
		};
		D9AE718C2968BE9D00BDE7DD /* Custome Elements */ = {
			isa = PBXGroup;
			children = (
				D9AE71902968BF1100BDE7DD /* CategoryTableViewCell.swift */,
				D9B333A4296D0551005381D7 /* ItemTableViewCell.swift */,
				D9AE71942968DC4700BDE7DD /* EmojiTextField.swift */,
			);
			path = "Custome Elements";
			sourceTree = "<group>";
		};
/* End PBXGroup section */

/* Begin PBXNativeTarget section */
		D9AE714029683F5A00BDE7DD /* MySpendings */ = {
			isa = PBXNativeTarget;
			buildConfigurationList = D9AE716B29683F5C00BDE7DD /* Build configuration list for PBXNativeTarget "MySpendings" */;
			buildPhases = (
				D9AE713D29683F5A00BDE7DD /* Sources */,
				D9AE713E29683F5A00BDE7DD /* Frameworks */,
				D9AE713F29683F5A00BDE7DD /* Resources */,
			);
			buildRules = (
			);
			dependencies = (
			);
			name = MySpendings;
			productName = MySpendings;
			productReference = D9AE714129683F5A00BDE7DD /* MySpendings.app */;
			productType = "com.apple.product-type.application";
		};
		D9AE715629683F5C00BDE7DD /* MySpendingsTests */ = {
			isa = PBXNativeTarget;
			buildConfigurationList = D9AE716E29683F5C00BDE7DD /* Build configuration list for PBXNativeTarget "MySpendingsTests" */;
			buildPhases = (
				D9AE715329683F5C00BDE7DD /* Sources */,
				D9AE715429683F5C00BDE7DD /* Frameworks */,
				D9AE715529683F5C00BDE7DD /* Resources */,
			);
			buildRules = (
			);
			dependencies = (
				D9AE715929683F5C00BDE7DD /* PBXTargetDependency */,
			);
			name = MySpendingsTests;
			productName = MySpendingsTests;
			productReference = D9AE715729683F5C00BDE7DD /* MySpendingsTests.xctest */;
			productType = "com.apple.product-type.bundle.unit-test";
		};
		D9AE716029683F5C00BDE7DD /* MySpendingsUITests */ = {
			isa = PBXNativeTarget;
			buildConfigurationList = D9AE717129683F5C00BDE7DD /* Build configuration list for PBXNativeTarget "MySpendingsUITests" */;
			buildPhases = (
				D9AE715D29683F5C00BDE7DD /* Sources */,
				D9AE715E29683F5C00BDE7DD /* Frameworks */,
				D9AE715F29683F5C00BDE7DD /* Resources */,
			);
			buildRules = (
			);
			dependencies = (
				D9AE716329683F5C00BDE7DD /* PBXTargetDependency */,
			);
			name = MySpendingsUITests;
			productName = MySpendingsUITests;
			productReference = D9AE716129683F5C00BDE7DD /* MySpendingsUITests.xctest */;
			productType = "com.apple.product-type.bundle.ui-testing";
		};
/* End PBXNativeTarget section */

/* Begin PBXProject section */
		D9AE713929683F5A00BDE7DD /* Project object */ = {
			isa = PBXProject;
			attributes = {
				BuildIndependentTargetsInParallel = 1;
				LastSwiftUpdateCheck = 1320;
				LastUpgradeCheck = 1320;
				TargetAttributes = {
					D9AE714029683F5A00BDE7DD = {
						CreatedOnToolsVersion = 13.2.1;
					};
					D9AE715629683F5C00BDE7DD = {
						CreatedOnToolsVersion = 13.2.1;
						TestTargetID = D9AE714029683F5A00BDE7DD;
					};
					D9AE716029683F5C00BDE7DD = {
						CreatedOnToolsVersion = 13.2.1;
						TestTargetID = D9AE714029683F5A00BDE7DD;
					};
				};
			};
			buildConfigurationList = D9AE713C29683F5A00BDE7DD /* Build configuration list for PBXProject "MySpendings" */;
			compatibilityVersion = "Xcode 12.0";
			developmentRegion = en;
			hasScannedForEncodings = 0;
			knownRegions = (
				en,
				Base,
			);
			mainGroup = D9AE713829683F5A00BDE7DD;
			productRefGroup = D9AE714229683F5A00BDE7DD /* Products */;
			projectDirPath = "";
			projectRoot = "";
			targets = (
				D9AE714029683F5A00BDE7DD /* MySpendings */,
				D9AE715629683F5C00BDE7DD /* MySpendingsTests */,
				D9AE716029683F5C00BDE7DD /* MySpendingsUITests */,
			);
		};
/* End PBXProject section */

/* Begin PBXResourcesBuildPhase section */
		D9AE713F29683F5A00BDE7DD /* Resources */ = {
			isa = PBXResourcesBuildPhase;
			buildActionMask = 2147483647;
			files = (
				D9AE715129683F5C00BDE7DD /* LaunchScreen.storyboard in Resources */,
				D9AE714E29683F5C00BDE7DD /* Assets.xcassets in Resources */,
				D9AE714C29683F5A00BDE7DD /* Main.storyboard in Resources */,
			);
			runOnlyForDeploymentPostprocessing = 0;
		};
		D9AE715529683F5C00BDE7DD /* Resources */ = {
			isa = PBXResourcesBuildPhase;
			buildActionMask = 2147483647;
			files = (
			);
			runOnlyForDeploymentPostprocessing = 0;
		};
		D9AE715F29683F5C00BDE7DD /* Resources */ = {
			isa = PBXResourcesBuildPhase;
			buildActionMask = 2147483647;
			files = (
			);
			runOnlyForDeploymentPostprocessing = 0;
		};
/* End PBXResourcesBuildPhase section */

/* Begin PBXSourcesBuildPhase section */
		D9AE713D29683F5A00BDE7DD /* Sources */ = {
			isa = PBXSourcesBuildPhase;
			buildActionMask = 2147483647;
			files = (
				D9AE717829684D6D00BDE7DD /* HomeViewController.swift in Sources */,
				D9AE714929683F5A00BDE7DD /* ViewController.swift in Sources */,
				D9AE717A29684F1B00BDE7DD /* CategoriesViewController.swift in Sources */,
				D9AE718529685B2D00BDE7DD /* AddCategoryFormController.swift in Sources */,
				D9B333A5296D0551005381D7 /* ItemTableViewCell.swift in Sources */,
				D9AE71952968DC4700BDE7DD /* EmojiTextField.swift in Sources */,
				D9AE718929685CA600BDE7DD /* Item.swift in Sources */,
				D9B333AD2971796A005381D7 /* ViewCategoryViewController.swift in Sources */,
				D9AE714529683F5A00BDE7DD /* AppDelegate.swift in Sources */,
				D9B333AB2970F0C8005381D7 /* ViewItemViewController.swift in Sources */,
				D9B333A7296D1CDD005381D7 /* AddItemFormViewController.swift in Sources */,
				D9AE7183296858F900BDE7DD /* ItemsViewController.swift in Sources */,
				D9AE718B2968630700BDE7DD /* Record.swift in Sources */,
				D9AE714729683F5A00BDE7DD /* SceneDelegate.swift in Sources */,
				D9AE717C2968503100BDE7DD /* CalculatorViewController.swift in Sources */,
				D9AE717629684A1400BDE7DD /* MainViewController.swift in Sources */,
				D9AE71912968BF1100BDE7DD /* CategoryTableViewCell.swift in Sources */,
				D9AE717E296850AE00BDE7DD /* SettingsViewController.swift in Sources */,
				D9AE718729685C6800BDE7DD /* Category.swift in Sources */,
			);
			runOnlyForDeploymentPostprocessing = 0;
		};
		D9AE715329683F5C00BDE7DD /* Sources */ = {
			isa = PBXSourcesBuildPhase;
			buildActionMask = 2147483647;
			files = (
				D9AE715C29683F5C00BDE7DD /* MySpendingsTests.swift in Sources */,
			);
			runOnlyForDeploymentPostprocessing = 0;
		};
		D9AE715D29683F5C00BDE7DD /* Sources */ = {
			isa = PBXSourcesBuildPhase;
			buildActionMask = 2147483647;
			files = (
				D9AE716829683F5C00BDE7DD /* MySpendingsUITestsLaunchTests.swift in Sources */,
				D9AE716629683F5C00BDE7DD /* MySpendingsUITests.swift in Sources */,
			);
			runOnlyForDeploymentPostprocessing = 0;
		};
/* End PBXSourcesBuildPhase section */

/* Begin PBXTargetDependency section */
		D9AE715929683F5C00BDE7DD /* PBXTargetDependency */ = {
			isa = PBXTargetDependency;
			target = D9AE714029683F5A00BDE7DD /* MySpendings */;
			targetProxy = D9AE715829683F5C00BDE7DD /* PBXContainerItemProxy */;
		};
		D9AE716329683F5C00BDE7DD /* PBXTargetDependency */ = {
			isa = PBXTargetDependency;
			target = D9AE714029683F5A00BDE7DD /* MySpendings */;
			targetProxy = D9AE716229683F5C00BDE7DD /* PBXContainerItemProxy */;
		};
/* End PBXTargetDependency section */

/* Begin PBXVariantGroup section */
		D9AE714A29683F5A00BDE7DD /* Main.storyboard */ = {
			isa = PBXVariantGroup;
			children = (
				D9AE714B29683F5A00BDE7DD /* Base */,
			);
			name = Main.storyboard;
			sourceTree = "<group>";
		};
		D9AE714F29683F5C00BDE7DD /* LaunchScreen.storyboard */ = {
			isa = PBXVariantGroup;
			children = (
				D9AE715029683F5C00BDE7DD /* Base */,
			);
			name = LaunchScreen.storyboard;
			sourceTree = "<group>";
		};
/* End PBXVariantGroup section */

/* Begin XCBuildConfiguration section */
		D9AE716929683F5C00BDE7DD /* Debug */ = {
			isa = XCBuildConfiguration;
			buildSettings = {
				ALWAYS_SEARCH_USER_PATHS = NO;
				CLANG_ANALYZER_NONNULL = YES;
				CLANG_ANALYZER_NUMBER_OBJECT_CONVERSION = YES_AGGRESSIVE;
				CLANG_CXX_LANGUAGE_STANDARD = "gnu++17";
				CLANG_CXX_LIBRARY = "libc++";
				CLANG_ENABLE_MODULES = YES;
				CLANG_ENABLE_OBJC_ARC = YES;
				CLANG_ENABLE_OBJC_WEAK = YES;
				CLANG_WARN_BLOCK_CAPTURE_AUTORELEASING = YES;
				CLANG_WARN_BOOL_CONVERSION = YES;
				CLANG_WARN_COMMA = YES;
				CLANG_WARN_CONSTANT_CONVERSION = YES;
				CLANG_WARN_DEPRECATED_OBJC_IMPLEMENTATIONS = YES;
				CLANG_WARN_DIRECT_OBJC_ISA_USAGE = YES_ERROR;
				CLANG_WARN_DOCUMENTATION_COMMENTS = YES;
				CLANG_WARN_EMPTY_BODY = YES;
				CLANG_WARN_ENUM_CONVERSION = YES;
				CLANG_WARN_INFINITE_RECURSION = YES;
				CLANG_WARN_INT_CONVERSION = YES;
				CLANG_WARN_NON_LITERAL_NULL_CONVERSION = YES;
				CLANG_WARN_OBJC_IMPLICIT_RETAIN_SELF = YES;
				CLANG_WARN_OBJC_LITERAL_CONVERSION = YES;
				CLANG_WARN_OBJC_ROOT_CLASS = YES_ERROR;
				CLANG_WARN_QUOTED_INCLUDE_IN_FRAMEWORK_HEADER = YES;
				CLANG_WARN_RANGE_LOOP_ANALYSIS = YES;
				CLANG_WARN_STRICT_PROTOTYPES = YES;
				CLANG_WARN_SUSPICIOUS_MOVE = YES;
				CLANG_WARN_UNGUARDED_AVAILABILITY = YES_AGGRESSIVE;
				CLANG_WARN_UNREACHABLE_CODE = YES;
				CLANG_WARN__DUPLICATE_METHOD_MATCH = YES;
				COPY_PHASE_STRIP = NO;
				DEBUG_INFORMATION_FORMAT = dwarf;
				ENABLE_STRICT_OBJC_MSGSEND = YES;
				ENABLE_TESTABILITY = YES;
				GCC_C_LANGUAGE_STANDARD = gnu11;
				GCC_DYNAMIC_NO_PIC = NO;
				GCC_NO_COMMON_BLOCKS = YES;
				GCC_OPTIMIZATION_LEVEL = 0;
				GCC_PREPROCESSOR_DEFINITIONS = (
					"DEBUG=1",
					"$(inherited)",
				);
				GCC_WARN_64_TO_32_BIT_CONVERSION = YES;
				GCC_WARN_ABOUT_RETURN_TYPE = YES_ERROR;
				GCC_WARN_UNDECLARED_SELECTOR = YES;
				GCC_WARN_UNINITIALIZED_AUTOS = YES_AGGRESSIVE;
				GCC_WARN_UNUSED_FUNCTION = YES;
				GCC_WARN_UNUSED_VARIABLE = YES;
				IPHONEOS_DEPLOYMENT_TARGET = 15.2;
				MTL_ENABLE_DEBUG_INFO = INCLUDE_SOURCE;
				MTL_FAST_MATH = YES;
				ONLY_ACTIVE_ARCH = YES;
				SDKROOT = iphoneos;
				SWIFT_ACTIVE_COMPILATION_CONDITIONS = DEBUG;
				SWIFT_OPTIMIZATION_LEVEL = "-Onone";
			};
			name = Debug;
		};
		D9AE716A29683F5C00BDE7DD /* Release */ = {
			isa = XCBuildConfiguration;
			buildSettings = {
				ALWAYS_SEARCH_USER_PATHS = NO;
				CLANG_ANALYZER_NONNULL = YES;
				CLANG_ANALYZER_NUMBER_OBJECT_CONVERSION = YES_AGGRESSIVE;
				CLANG_CXX_LANGUAGE_STANDARD = "gnu++17";
				CLANG_CXX_LIBRARY = "libc++";
				CLANG_ENABLE_MODULES = YES;
				CLANG_ENABLE_OBJC_ARC = YES;
				CLANG_ENABLE_OBJC_WEAK = YES;
				CLANG_WARN_BLOCK_CAPTURE_AUTORELEASING = YES;
				CLANG_WARN_BOOL_CONVERSION = YES;
				CLANG_WARN_COMMA = YES;
				CLANG_WARN_CONSTANT_CONVERSION = YES;
				CLANG_WARN_DEPRECATED_OBJC_IMPLEMENTATIONS = YES;
				CLANG_WARN_DIRECT_OBJC_ISA_USAGE = YES_ERROR;
				CLANG_WARN_DOCUMENTATION_COMMENTS = YES;
				CLANG_WARN_EMPTY_BODY = YES;
				CLANG_WARN_ENUM_CONVERSION = YES;
				CLANG_WARN_INFINITE_RECURSION = YES;
				CLANG_WARN_INT_CONVERSION = YES;
				CLANG_WARN_NON_LITERAL_NULL_CONVERSION = YES;
				CLANG_WARN_OBJC_IMPLICIT_RETAIN_SELF = YES;
				CLANG_WARN_OBJC_LITERAL_CONVERSION = YES;
				CLANG_WARN_OBJC_ROOT_CLASS = YES_ERROR;
				CLANG_WARN_QUOTED_INCLUDE_IN_FRAMEWORK_HEADER = YES;
				CLANG_WARN_RANGE_LOOP_ANALYSIS = YES;
				CLANG_WARN_STRICT_PROTOTYPES = YES;
				CLANG_WARN_SUSPICIOUS_MOVE = YES;
				CLANG_WARN_UNGUARDED_AVAILABILITY = YES_AGGRESSIVE;
				CLANG_WARN_UNREACHABLE_CODE = YES;
				CLANG_WARN__DUPLICATE_METHOD_MATCH = YES;
				COPY_PHASE_STRIP = NO;
				DEBUG_INFORMATION_FORMAT = "dwarf-with-dsym";
				ENABLE_NS_ASSERTIONS = NO;
				ENABLE_STRICT_OBJC_MSGSEND = YES;
				GCC_C_LANGUAGE_STANDARD = gnu11;
				GCC_NO_COMMON_BLOCKS = YES;
				GCC_WARN_64_TO_32_BIT_CONVERSION = YES;
				GCC_WARN_ABOUT_RETURN_TYPE = YES_ERROR;
				GCC_WARN_UNDECLARED_SELECTOR = YES;
				GCC_WARN_UNINITIALIZED_AUTOS = YES_AGGRESSIVE;
				GCC_WARN_UNUSED_FUNCTION = YES;
				GCC_WARN_UNUSED_VARIABLE = YES;
				IPHONEOS_DEPLOYMENT_TARGET = 15.2;
				MTL_ENABLE_DEBUG_INFO = NO;
				MTL_FAST_MATH = YES;
				SDKROOT = iphoneos;
				SWIFT_COMPILATION_MODE = wholemodule;
				SWIFT_OPTIMIZATION_LEVEL = "-O";
				VALIDATE_PRODUCT = YES;
			};
			name = Release;
		};
		D9AE716C29683F5C00BDE7DD /* Debug */ = {
			isa = XCBuildConfiguration;
			buildSettings = {
				ASSETCATALOG_COMPILER_APPICON_NAME = AppIcon;
				ASSETCATALOG_COMPILER_GLOBAL_ACCENT_COLOR_NAME = AccentColor;
				CODE_SIGN_STYLE = Automatic;
				CURRENT_PROJECT_VERSION = 1;
				DEVELOPMENT_TEAM = WDU598XZSQ;
				GENERATE_INFOPLIST_FILE = YES;
				INFOPLIST_FILE = MySpendings/Info.plist;
				INFOPLIST_KEY_UIApplicationSupportsIndirectInputEvents = YES;
				INFOPLIST_KEY_UILaunchStoryboardName = LaunchScreen;
				INFOPLIST_KEY_UIMainStoryboardFile = Main;
				INFOPLIST_KEY_UISupportedInterfaceOrientations = UIInterfaceOrientationPortrait;
				INFOPLIST_KEY_UISupportedInterfaceOrientations_iPad = "UIInterfaceOrientationPortrait UIInterfaceOrientationPortraitUpsideDown UIInterfaceOrientationLandscapeLeft UIInterfaceOrientationLandscapeRight";
				INFOPLIST_KEY_UISupportedInterfaceOrientations_iPhone = UIInterfaceOrientationPortrait;
				IPHONEOS_DEPLOYMENT_TARGET = 15.2;
				LD_RUNPATH_SEARCH_PATHS = (
					"$(inherited)",
					"@executable_path/Frameworks",
				);
				MARKETING_VERSION = 1.0;
				PRODUCT_BUNDLE_IDENTIFIER = bh.Polytechnic.MohamedHasan.MySpendings;
				PRODUCT_NAME = "$(TARGET_NAME)";
				SWIFT_EMIT_LOC_STRINGS = YES;
				SWIFT_VERSION = 5.0;
				TARGETED_DEVICE_FAMILY = 1;
			};
			name = Debug;
		};
		D9AE716D29683F5C00BDE7DD /* Release */ = {
			isa = XCBuildConfiguration;
			buildSettings = {
				ASSETCATALOG_COMPILER_APPICON_NAME = AppIcon;
				ASSETCATALOG_COMPILER_GLOBAL_ACCENT_COLOR_NAME = AccentColor;
				CODE_SIGN_STYLE = Automatic;
				CURRENT_PROJECT_VERSION = 1;
				DEVELOPMENT_TEAM = WDU598XZSQ;
				GENERATE_INFOPLIST_FILE = YES;
				INFOPLIST_FILE = MySpendings/Info.plist;
				INFOPLIST_KEY_UIApplicationSupportsIndirectInputEvents = YES;
				INFOPLIST_KEY_UILaunchStoryboardName = LaunchScreen;
				INFOPLIST_KEY_UIMainStoryboardFile = Main;
				INFOPLIST_KEY_UISupportedInterfaceOrientations = UIInterfaceOrientationPortrait;
				INFOPLIST_KEY_UISupportedInterfaceOrientations_iPad = "UIInterfaceOrientationPortrait UIInterfaceOrientationPortraitUpsideDown UIInterfaceOrientationLandscapeLeft UIInterfaceOrientationLandscapeRight";
				INFOPLIST_KEY_UISupportedInterfaceOrientations_iPhone = UIInterfaceOrientationPortrait;
				IPHONEOS_DEPLOYMENT_TARGET = 15.2;
				LD_RUNPATH_SEARCH_PATHS = (
					"$(inherited)",
					"@executable_path/Frameworks",
				);
				MARKETING_VERSION = 1.0;
				PRODUCT_BUNDLE_IDENTIFIER = bh.Polytechnic.MohamedHasan.MySpendings;
				PRODUCT_NAME = "$(TARGET_NAME)";
				SWIFT_EMIT_LOC_STRINGS = YES;
				SWIFT_VERSION = 5.0;
				TARGETED_DEVICE_FAMILY = 1;
			};
			name = Release;
		};
		D9AE716F29683F5C00BDE7DD /* Debug */ = {
			isa = XCBuildConfiguration;
			buildSettings = {
				ALWAYS_EMBED_SWIFT_STANDARD_LIBRARIES = YES;
				BUNDLE_LOADER = "$(TEST_HOST)";
				CODE_SIGN_STYLE = Automatic;
				CURRENT_PROJECT_VERSION = 1;
				DEVELOPMENT_TEAM = WDU598XZSQ;
				GENERATE_INFOPLIST_FILE = YES;
				IPHONEOS_DEPLOYMENT_TARGET = 15.2;
				MARKETING_VERSION = 1.0;
				PRODUCT_BUNDLE_IDENTIFIER = bh.Polytechnic.MohamedHasan.MySpendingsTests;
				PRODUCT_NAME = "$(TARGET_NAME)";
				SWIFT_EMIT_LOC_STRINGS = NO;
				SWIFT_VERSION = 5.0;
				TARGETED_DEVICE_FAMILY = "1,2";
				TEST_HOST = "$(BUILT_PRODUCTS_DIR)/MySpendings.app/MySpendings";
			};
			name = Debug;
		};
		D9AE717029683F5C00BDE7DD /* Release */ = {
			isa = XCBuildConfiguration;
			buildSettings = {
				ALWAYS_EMBED_SWIFT_STANDARD_LIBRARIES = YES;
				BUNDLE_LOADER = "$(TEST_HOST)";
				CODE_SIGN_STYLE = Automatic;
				CURRENT_PROJECT_VERSION = 1;
				DEVELOPMENT_TEAM = WDU598XZSQ;
				GENERATE_INFOPLIST_FILE = YES;
				IPHONEOS_DEPLOYMENT_TARGET = 15.2;
				MARKETING_VERSION = 1.0;
				PRODUCT_BUNDLE_IDENTIFIER = bh.Polytechnic.MohamedHasan.MySpendingsTests;
				PRODUCT_NAME = "$(TARGET_NAME)";
				SWIFT_EMIT_LOC_STRINGS = NO;
				SWIFT_VERSION = 5.0;
				TARGETED_DEVICE_FAMILY = "1,2";
				TEST_HOST = "$(BUILT_PRODUCTS_DIR)/MySpendings.app/MySpendings";
			};
			name = Release;
		};
		D9AE717229683F5C00BDE7DD /* Debug */ = {
			isa = XCBuildConfiguration;
			buildSettings = {
				ALWAYS_EMBED_SWIFT_STANDARD_LIBRARIES = YES;
				CODE_SIGN_STYLE = Automatic;
				CURRENT_PROJECT_VERSION = 1;
				DEVELOPMENT_TEAM = WDU598XZSQ;
				GENERATE_INFOPLIST_FILE = YES;
				MARKETING_VERSION = 1.0;
				PRODUCT_BUNDLE_IDENTIFIER = bh.Polytechnic.MohamedHasan.MySpendingsUITests;
				PRODUCT_NAME = "$(TARGET_NAME)";
				SWIFT_EMIT_LOC_STRINGS = NO;
				SWIFT_VERSION = 5.0;
				TARGETED_DEVICE_FAMILY = "1,2";
				TEST_TARGET_NAME = MySpendings;
			};
			name = Debug;
		};
		D9AE717329683F5C00BDE7DD /* Release */ = {
			isa = XCBuildConfiguration;
			buildSettings = {
				ALWAYS_EMBED_SWIFT_STANDARD_LIBRARIES = YES;
				CODE_SIGN_STYLE = Automatic;
				CURRENT_PROJECT_VERSION = 1;
				DEVELOPMENT_TEAM = WDU598XZSQ;
				GENERATE_INFOPLIST_FILE = YES;
				MARKETING_VERSION = 1.0;
				PRODUCT_BUNDLE_IDENTIFIER = bh.Polytechnic.MohamedHasan.MySpendingsUITests;
				PRODUCT_NAME = "$(TARGET_NAME)";
				SWIFT_EMIT_LOC_STRINGS = NO;
				SWIFT_VERSION = 5.0;
				TARGETED_DEVICE_FAMILY = "1,2";
				TEST_TARGET_NAME = MySpendings;
			};
			name = Release;
		};
/* End XCBuildConfiguration section */

/* Begin XCConfigurationList section */
		D9AE713C29683F5A00BDE7DD /* Build configuration list for PBXProject "MySpendings" */ = {
			isa = XCConfigurationList;
			buildConfigurations = (
				D9AE716929683F5C00BDE7DD /* Debug */,
				D9AE716A29683F5C00BDE7DD /* Release */,
			);
			defaultConfigurationIsVisible = 0;
			defaultConfigurationName = Release;
		};
		D9AE716B29683F5C00BDE7DD /* Build configuration list for PBXNativeTarget "MySpendings" */ = {
			isa = XCConfigurationList;
			buildConfigurations = (
				D9AE716C29683F5C00BDE7DD /* Debug */,
				D9AE716D29683F5C00BDE7DD /* Release */,
			);
			defaultConfigurationIsVisible = 0;
			defaultConfigurationName = Release;
		};
		D9AE716E29683F5C00BDE7DD /* Build configuration list for PBXNativeTarget "MySpendingsTests" */ = {
			isa = XCConfigurationList;
			buildConfigurations = (
				D9AE716F29683F5C00BDE7DD /* Debug */,
				D9AE717029683F5C00BDE7DD /* Release */,
			);
			defaultConfigurationIsVisible = 0;
			defaultConfigurationName = Release;
		};
		D9AE717129683F5C00BDE7DD /* Build configuration list for PBXNativeTarget "MySpendingsUITests" */ = {
			isa = XCConfigurationList;
			buildConfigurations = (
				D9AE717229683F5C00BDE7DD /* Debug */,
				D9AE717329683F5C00BDE7DD /* Release */,
			);
			defaultConfigurationIsVisible = 0;
			defaultConfigurationName = Release;
		};
/* End XCConfigurationList section */
	};
	rootObject = D9AE713929683F5A00BDE7DD /* Project object */;
}
